
Microsoft Visual Studio Solution File, Format Version 12.00
# Visual Studio Version 17
VisualStudioVersion = 17.0.31903.59
MinimumVisualStudioVersion = 10.0.40219.1
Project("{2150E333-8FDC-42A3-9474-1A3956D46DE8}") = "src", "src", "{5D963496-2B34-4CB7-82A8-930C68908CC9}"
EndProject
Project("{FAE04EC0-301F-11D3-BF4B-00C04F79EFBC}") = "SolveAlarm", "src\SolveAlarm\SolveAlarm.csproj", "{09E6A020-031B-4055-9FA0-3ED2CDD3966E}"
EndProject
Global
	GlobalSection(SolutionConfigurationPlatforms) = preSolution
		Debug|Any CPU = Debug|Any CPU
		Release|Any CPU = Release|Any CPU
	EndGlobalSection
	GlobalSection(SolutionProperties) = preSolution
		HideSolutionNode = FALSE
	EndGlobalSection
	GlobalSection(ProjectConfigurationPlatforms) = postSolution
		{09E6A020-031B-4055-9FA0-3ED2CDD3966E}.Debug|Any CPU.ActiveCfg = Debug|Any CPU
		{09E6A020-031B-4055-9FA0-3ED2CDD3966E}.Debug|Any CPU.Build.0 = Debug|Any CPU
		{09E6A020-031B-4055-9FA0-3ED2CDD3966E}.Release|Any CPU.ActiveCfg = Release|Any CPU
		{09E6A020-031B-4055-9FA0-3ED2CDD3966E}.Release|Any CPU.Build.0 = Release|Any CPU
	EndGlobalSection
	GlobalSection(NestedProjects) = preSolution
		{09E6A020-031B-4055-9FA0-3ED2CDD3966E} = {5D963496-2B34-4CB7-82A8-930C68908CC9}
	EndGlobalSection
EndGlobal
